
Microsoft Visual Studio Solution File, Format Version 12.00
# Visual Studio Version 16
VisualStudioVersion = 16.0.31205.134
MinimumVisualStudioVersion = 10.0.40219.1
Project("{9A19103F-16F7-4668-BE54-9A1E7A4F7556}") = "API", "API\API.csproj", "{2D8D74F0-F5EC-4A24-85C9-311BA74B05A3}"
EndProject
Project("{9A19103F-16F7-4668-BE54-9A1E7A4F7556}") = "DataAccess", "DataAccess\DataAccess.csproj", "{DB78FDC9-420E-40B5-9874-681C4D881E23}"
EndProject
Project("{9A19103F-16F7-4668-BE54-9A1E7A4F7556}") = "Business", "Business\Business.csproj", "{EA9C146D-70FE-494E-8DB1-7BCAE1451D69}"
EndProject
Project("{9A19103F-16F7-4668-BE54-9A1E7A4F7556}") = "Models", "Models\Models.csproj", "{94B50BB3-DBB7-4BF1-AFFA-35E8D14EE0CF}"
EndProject
Project("{2150E333-8FDC-42A3-9474-1A3956D46DE8}") = "Deployment", "Deployment", "{56E8FF03-11F6-426F-8407-84243D067894}"
	ProjectSection(SolutionItems) = preProject
		Deployment\azure-pipelines.yaml = Deployment\azure-pipelines.yaml
		Deployment\k8-deployment.yaml = Deployment\k8-deployment.yaml
	EndProjectSection
EndProject
Project("{FAE04EC0-301F-11D3-BF4B-00C04F79EFBC}") = "APIConsumer", "APIConsumer\APIConsumer.csproj", "{66D6702B-0ACE-41B1-9BA5-9F0FC9758040}"
EndProject
Global
	GlobalSection(SolutionConfigurationPlatforms) = preSolution
		Debug|Any CPU = Debug|Any CPU
		Release|Any CPU = Release|Any CPU
	EndGlobalSection
	GlobalSection(ProjectConfigurationPlatforms) = postSolution
		{2D8D74F0-F5EC-4A24-85C9-311BA74B05A3}.Debug|Any CPU.ActiveCfg = Debug|Any CPU
		{2D8D74F0-F5EC-4A24-85C9-311BA74B05A3}.Debug|Any CPU.Build.0 = Debug|Any CPU
		{2D8D74F0-F5EC-4A24-85C9-311BA74B05A3}.Release|Any CPU.ActiveCfg = Release|Any CPU
		{2D8D74F0-F5EC-4A24-85C9-311BA74B05A3}.Release|Any CPU.Build.0 = Release|Any CPU
		{DB78FDC9-420E-40B5-9874-681C4D881E23}.Debug|Any CPU.ActiveCfg = Debug|Any CPU
		{DB78FDC9-420E-40B5-9874-681C4D881E23}.Debug|Any CPU.Build.0 = Debug|Any CPU
		{DB78FDC9-420E-40B5-9874-681C4D881E23}.Release|Any CPU.ActiveCfg = Release|Any CPU
		{DB78FDC9-420E-40B5-9874-681C4D881E23}.Release|Any CPU.Build.0 = Release|Any CPU
		{EA9C146D-70FE-494E-8DB1-7BCAE1451D69}.Debug|Any CPU.ActiveCfg = Debug|Any CPU
		{EA9C146D-70FE-494E-8DB1-7BCAE1451D69}.Debug|Any CPU.Build.0 = Debug|Any CPU
		{EA9C146D-70FE-494E-8DB1-7BCAE1451D69}.Release|Any CPU.ActiveCfg = Release|Any CPU
		{EA9C146D-70FE-494E-8DB1-7BCAE1451D69}.Release|Any CPU.Build.0 = Release|Any CPU
		{94B50BB3-DBB7-4BF1-AFFA-35E8D14EE0CF}.Debug|Any CPU.ActiveCfg = Debug|Any CPU
		{94B50BB3-DBB7-4BF1-AFFA-35E8D14EE0CF}.Debug|Any CPU.Build.0 = Debug|Any CPU
		{94B50BB3-DBB7-4BF1-AFFA-35E8D14EE0CF}.Release|Any CPU.ActiveCfg = Release|Any CPU
		{94B50BB3-DBB7-4BF1-AFFA-35E8D14EE0CF}.Release|Any CPU.Build.0 = Release|Any CPU
		{66D6702B-0ACE-41B1-9BA5-9F0FC9758040}.Debug|Any CPU.ActiveCfg = Debug|Any CPU
		{66D6702B-0ACE-41B1-9BA5-9F0FC9758040}.Debug|Any CPU.Build.0 = Debug|Any CPU
		{66D6702B-0ACE-41B1-9BA5-9F0FC9758040}.Release|Any CPU.ActiveCfg = Release|Any CPU
		{66D6702B-0ACE-41B1-9BA5-9F0FC9758040}.Release|Any CPU.Build.0 = Release|Any CPU
	EndGlobalSection
	GlobalSection(SolutionProperties) = preSolution
		HideSolutionNode = FALSE
	EndGlobalSection
	GlobalSection(ExtensibilityGlobals) = postSolution
		SolutionGuid = {63FFF0A6-8723-47F0-BCFB-34DF41688144}
	EndGlobalSection
EndGlobal
